schema: '2.0'
stages:
  data_ingestion:
    cmd: python src/sports_classifier/pipeline/stage_01_data_ingestion.py
    deps:
    - path: config/config.yaml
      hash: md5
      md5: 13dd5969332e0cb187f2c18e57650d54
      size: 769
    - path: src/sports_classifier/pipeline/stage_01_data_ingestion.py
      hash: md5
      md5: eeb9841593f1ade050ae52a40fb3314b
      size: 882
    outs:
    - path: artifacts/data_ingestion/trainData
      hash: md5
      md5: 280e4c4ad65a3122817d5dc4c3740eec.dir
      size: 24594649
      nfiles: 969
  prepare_base_model:
    cmd: python src/sports_classifier/pipeline/stage_02_prepare_base_model.py
    deps:
    - path: config/config.yaml
      hash: md5
      md5: 13dd5969332e0cb187f2c18e57650d54
      size: 769
    - path: src/sports_classifier/pipeline/stage_02_prepare_base_model.py
      hash: md5
      md5: 17de977b45ca4e1bb26ff39ca7dfe3b6
      size: 976
    params:
      params.yaml:
        CLASSES: 8
        IMAGE_SIZE:
        - 224
        - 224
        - 3
        INCLUDE_TOP: false
        LEARNING_RATE: 0.01
        WEIGHTS: imagenet
    outs:
    - path: artifacts/prepare_base_model
      hash: md5
      md5: d5ff0080d0ee7dc6bf1d021c842bcf91.dir
      size: 118661744
      nfiles: 2
  training:
    cmd: python src/sports_classifier/pipeline/stage_03_training.py
    deps:
    - path: artifacts/data_ingestion/trainData
      hash: md5
      md5: 280e4c4ad65a3122817d5dc4c3740eec.dir
      size: 24594649
      nfiles: 969
    - path: artifacts/prepare_base_model
      hash: md5
      md5: d5ff0080d0ee7dc6bf1d021c842bcf91.dir
      size: 118661744
      nfiles: 2
    - path: config/config.yaml
      hash: md5
      md5: 13dd5969332e0cb187f2c18e57650d54
      size: 769
    - path: src/sports_classifier/components/prepare_callbacks.py
      hash: md5
      md5: 1880e853352969ed53b60d3db3a8917d
      size: 969
    - path: src/sports_classifier/pipeline/stage_03_training.py
      hash: md5
      md5: 1f6a2638f8a6baeca06203ab757580ca
      size: 1238
    params:
      params.yaml:
        AUGUMENTATION: true
        BATCH_SIZE: 16
        EPOCHS: 10
        IMAGE_SIZE:
        - 224
        - 224
        - 3
    outs:
    - path: artifacts/training/model.h5
      hash: md5
      md5: 060a0b73411e662a93618719ba0cb8fb
      size: 60545328
  evaluation:
    cmd: python src/sports_classifier/pipeline/stage_04_evaluation.py
    deps:
    - path: artifacts/data_ingestion/trainData
      hash: md5
      md5: 280e4c4ad65a3122817d5dc4c3740eec.dir
      size: 24594649
      nfiles: 969
    - path: artifacts/training/model.h5
      hash: md5
      md5: 060a0b73411e662a93618719ba0cb8fb
      size: 60545328
    - path: config/config.yaml
      hash: md5
      md5: 13dd5969332e0cb187f2c18e57650d54
      size: 769
    - path: src/sports_classifier/pipeline/stage_04_evaluation.py
      hash: md5
      md5: ddbd59aea6ef1524ba327bf4de7806ac
      size: 852
    params:
      params.yaml:
        BATCH_SIZE: 16
        IMAGE_SIZE:
        - 224
        - 224
        - 3
    outs:
    - path: scores.json
      hash: md5
      md5: c1d5453fdbca140873a15f36a46a3514
      size: 70
